{
  "name": "PassportVerification",
  "lockfileVersion": 3,
  "requires": true,
  "packages": {
    "": {
      "dependencies": {
        "@radix-ui/react-form": "^0.1.1",
        "@tailwindcss/forms": "^0.5.10",
        "react-hook-form": "^7.54.2"
      }
    },
    "node_modules/@radix-ui/primitive": {
      "version": "1.1.1",
      "resolved": "https://registry.npmjs.org/@radix-ui/primitive/-/primitive-1.1.1.tgz",
      "integrity": "sha512-SJ31y+Q/zAyShtXJc8x83i9TYdbAfHZ++tUZnvjJJqFjzsdUnKsxPL6IEtBlxKkU7yzer//GQtZSV4GbldL3YA==",
      "license": "MIT"
    },
    "node_modules/@radix-ui/react-compose-refs": {
      "version": "1.1.1",
      "resolved": "https://registry.npmjs.org/@radix-ui/react-compose-refs/-/react-compose-refs-1.1.1.tgz",
      "integrity": "sha512-Y9VzoRDSJtgFMUCoiZBDVo084VQ5hfpXxVE+NgkdNsjiDBByiImMZKKhxMwCbdHvhlENG6a833CbFkOQvTricw==",
      "license": "MIT",
      "peerDependencies": {
        "@types/react": "*",
        "react": "^16.8 || ^17.0 || ^18.0 || ^19.0 || ^19.0.0-rc"
      },
      "peerDependenciesMeta": {
        "@types/react": {
          "optional": true
        }
      }
    },
    "node_modules/@radix-ui/react-context": {
      "version": "1.1.1",
      "resolved": "https://registry.npmjs.org/@radix-ui/react-context/-/react-context-1.1.1.tgz",
      "integrity": "sha512-UASk9zi+crv9WteK/NU4PLvOoL3OuE6BWVKNF6hPRBtYBDXQ2u5iu3O59zUlJiTVvkyuycnqrztsHVJwcK9K+Q==",
      "license": "MIT",
      "peerDependencies": {
        "@types/react": "*",
        "react": "^16.8 || ^17.0 || ^18.0 || ^19.0 || ^19.0.0-rc"
      },
      "peerDependenciesMeta": {
        "@types/react": {
          "optional": true
        }
      }
    },
    "node_modules/@radix-ui/react-form": {
      "version": "0.1.1",
      "resolved": "https://registry.npmjs.org/@radix-ui/react-form/-/react-form-0.1.1.tgz",
      "integrity": "sha512-Ah2TBvzl2trb4DL9DQtyUJgAUfq/djMN7j5CHzdpbdR3W7OL8N4JcJgE80cXMf3ssCE+8yg0zFQoJ0srxqfsFA==",
      "license": "MIT",
      "dependencies": {
        "@radix-ui/primitive": "1.1.1",
        "@radix-ui/react-compose-refs": "1.1.1",
        "@radix-ui/react-context": "1.1.1",
        "@radix-ui/react-id": "1.1.0",
        "@radix-ui/react-label": "2.1.1",
        "@radix-ui/react-primitive": "2.0.1"
      },
      "peerDependencies": {
        "@types/react": "*",
        "@types/react-dom": "*",
        "react": "^16.8 || ^17.0 || ^18.0 || ^19.0 || ^19.0.0-rc",
        "react-dom": "^16.8 || ^17.0 || ^18.0 || ^19.0 || ^19.0.0-rc"
      },
      "peerDependenciesMeta": {
        "@types/react": {
          "optional": true
        },
        "@types/react-dom": {
          "optional": true
        }
      }
    },
    "node_modules/@radix-ui/react-id": {
      "version": "1.1.0",
      "resolved": "https://registry.npmjs.org/@radix-ui/react-id/-/react-id-1.1.0.tgz",
      "integrity": "sha512-EJUrI8yYh7WOjNOqpoJaf1jlFIH2LvtgAl+YcFqNCa+4hj64ZXmPkAKOFs/ukjz3byN6bdb/AVUqHkI8/uWWMA==",
      "license": "MIT",
      "dependencies": {
        "@radix-ui/react-use-layout-effect": "1.1.0"
      },
      "peerDependencies": {
        "@types/react": "*",
        "react": "^16.8 || ^17.0 || ^18.0 || ^19.0 || ^19.0.0-rc"
      },
      "peerDependenciesMeta": {
        "@types/react": {
          "optional": true
        }
      }
    },
    "node_modules/@radix-ui/react-label": {
      "version": "2.1.1",
      "resolved": "https://registry.npmjs.org/@radix-ui/react-label/-/react-label-2.1.1.tgz",
      "integrity": "sha512-UUw5E4e/2+4kFMH7+YxORXGWggtY6sM8WIwh5RZchhLuUg2H1hc98Py+pr8HMz6rdaYrK2t296ZEjYLOCO5uUw==",
      "license": "MIT",
      "dependencies": {
        "@radix-ui/react-primitive": "2.0.1"
      },
      "peerDependencies": {
        "@types/react": "*",
        "@types/react-dom": "*",
        "react": "^16.8 || ^17.0 || ^18.0 || ^19.0 || ^19.0.0-rc",
        "react-dom": "^16.8 || ^17.0 || ^18.0 || ^19.0 || ^19.0.0-rc"
      },
      "peerDependenciesMeta": {
        "@types/react": {
          "optional": true
        },
        "@types/react-dom": {
          "optional": true
        }
      }
    },
    "node_modules/@radix-ui/react-primitive": {
      "version": "2.0.1",
      "resolved": "https://registry.npmjs.org/@radix-ui/react-primitive/-/react-primitive-2.0.1.tgz",
      "integrity": "sha512-sHCWTtxwNn3L3fH8qAfnF3WbUZycW93SM1j3NFDzXBiz8D6F5UTTy8G1+WFEaiCdvCVRJWj6N2R4Xq6HdiHmDg==",
      "license": "MIT",
      "dependencies": {
        "@radix-ui/react-slot": "1.1.1"
      },
      "peerDependencies": {
        "@types/react": "*",
        "@types/react-dom": "*",
        "react": "^16.8 || ^17.0 || ^18.0 || ^19.0 || ^19.0.0-rc",
        "react-dom": "^16.8 || ^17.0 || ^18.0 || ^19.0 || ^19.0.0-rc"
      },
      "peerDependenciesMeta": {
        "@types/react": {
          "optional": true
        },
        "@types/react-dom": {
          "optional": true
        }
      }
    },
    "node_modules/@radix-ui/react-slot": {
      "version": "1.1.1",
      "resolved": "https://registry.npmjs.org/@radix-ui/react-slot/-/react-slot-1.1.1.tgz",
      "integrity": "sha512-RApLLOcINYJA+dMVbOju7MYv1Mb2EBp2nH4HdDzXTSyaR5optlm6Otrz1euW3HbdOR8UmmFK06TD+A9frYWv+g==",
      "license": "MIT",
      "dependencies": {
        "@radix-ui/react-compose-refs": "1.1.1"
      },
      "peerDependencies": {
        "@types/react": "*",
        "react": "^16.8 || ^17.0 || ^18.0 || ^19.0 || ^19.0.0-rc"
      },
      "peerDependenciesMeta": {
        "@types/react": {
          "optional": true
        }
      }
    },
    "node_modules/@radix-ui/react-use-layout-effect": {
      "version": "1.1.0",
      "resolved": "https://registry.npmjs.org/@radix-ui/react-use-layout-effect/-/react-use-layout-effect-1.1.0.tgz",
      "integrity": "sha512-+FPE0rOdziWSrH9athwI1R0HDVbWlEhd+FR+aSDk4uWGmSJ9Z54sdZVDQPZAinJhJXwfT+qnj969mCsT2gfm5w==",
      "license": "MIT",
      "peerDependencies": {
        "@types/react": "*",
        "react": "^16.8 || ^17.0 || ^18.0 || ^19.0 || ^19.0.0-rc"
      },
      "peerDependenciesMeta": {
        "@types/react": {
          "optional": true
        }
      }
    },
    "node_modules/@tailwindcss/forms": {
      "version": "0.5.10",
      "resolved": "https://registry.npmjs.org/@tailwindcss/forms/-/forms-0.5.10.tgz",
      "integrity": "sha512-utI1ONF6uf/pPNO68kmN1b8rEwNXv3czukalo8VtJH8ksIkZXr3Q3VYudZLkCsDd4Wku120uF02hYK25XGPorw==",
      "license": "MIT",
      "dependencies": {
        "mini-svg-data-uri": "^1.2.3"
      },
      "peerDependencies": {
        "tailwindcss": ">=3.0.0 || >= 3.0.0-alpha.1 || >= 4.0.0-alpha.20 || >= 4.0.0-beta.1"
      }
    },
    "node_modules/mini-svg-data-uri": {
      "version": "1.4.4",
      "resolved": "https://registry.npmjs.org/mini-svg-data-uri/-/mini-svg-data-uri-1.4.4.tgz",
      "integrity": "sha512-r9deDe9p5FJUPZAk3A59wGH7Ii9YrjjWw0jmw/liSbHl2CHiyXj6FcDXDu2K3TjVAXqiJdaw3xxwlZZr9E6nHg==",
      "license": "MIT",
      "bin": {
        "mini-svg-data-uri": "cli.js"
      }
    },
    "node_modules/react": {
      "version": "19.0.0",
      "resolved": "https://registry.npmjs.org/react/-/react-19.0.0.tgz",
      "integrity": "sha512-V8AVnmPIICiWpGfm6GLzCR/W5FXLchHop40W4nXBmdlEceh16rCN8O8LNWm5bh5XUX91fh7KpA+W0TgMKmgTpQ==",
      "license": "MIT",
      "peer": true,
      "engines": {
        "node": ">=0.10.0"
      }
    },
    "node_modules/react-dom": {
      "version": "19.0.0",
      "resolved": "https://registry.npmjs.org/react-dom/-/react-dom-19.0.0.tgz",
      "integrity": "sha512-4GV5sHFG0e/0AD4X+ySy6UJd3jVl1iNsNHdpad0qhABJ11twS3TTBnseqsKurKcsNqCEFeGL3uLpVChpIO3QfQ==",
      "license": "MIT",
      "peer": true,
      "dependencies": {
        "scheduler": "^0.25.0"
      },
      "peerDependencies": {
        "react": "^19.0.0"
      }
    },
    "node_modules/react-hook-form": {
      "version": "7.54.2",
      "resolved": "https://registry.npmjs.org/react-hook-form/-/react-hook-form-7.54.2.tgz",
      "integrity": "sha512-eHpAUgUjWbZocoQYUHposymRb4ZP6d0uwUnooL2uOybA9/3tPUvoAKqEWK1WaSiTxxOfTpffNZP7QwlnM3/gEg==",
      "license": "MIT",
      "engines": {
        "node": ">=18.0.0"
      },
      "funding": {
        "type": "opencollective",
        "url": "https://opencollective.com/react-hook-form"
      },
      "peerDependencies": {
        "react": "^16.8.0 || ^17 || ^18 || ^19"
      }
    },
    "node_modules/scheduler": {
      "version": "0.25.0",
      "resolved": "https://registry.npmjs.org/scheduler/-/scheduler-0.25.0.tgz",
      "integrity": "sha512-xFVuu11jh+xcO7JOAGJNOXld8/TcEHK/4CituBUeUb5hqxJLj9YuemAEuvm9gQ/+pgXYfbQuqAkiYu+u7YEsNA==",
      "license": "MIT",
      "peer": true
    },
    "node_modules/tailwindcss": {
      "version": "4.0.0",
      "resolved": "https://registry.npmjs.org/tailwindcss/-/tailwindcss-4.0.0.tgz",
      "integrity": "sha512-ULRPI3A+e39T7pSaf1xoi58AqqJxVCLg8F/uM5A3FadUbnyDTgltVnXJvdkTjwCOGA6NazqHVcwPJC5h2vRYVQ==",
      "license": "MIT",
      "peer": true
    }
  }
}
